// !$*UTF8*$!
{
	archiveVersion = 1;
	classes = {
	};
	objectVersion = 56;
	objects = {

/* Begin PBXBuildFile section */
		962998702A33334B0034EF4D /* swiftUITodoCoreDataApp.swift in Sources */ = {isa = PBXBuildFile; fileRef = 9629986F2A33334B0034EF4D /* swiftUITodoCoreDataApp.swift */; };
		962998722A33334B0034EF4D /* ContentView.swift in Sources */ = {isa = PBXBuildFile; fileRef = 962998712A33334B0034EF4D /* ContentView.swift */; };
		962998742A33334B0034EF4D /* Assets.xcassets in Resources */ = {isa = PBXBuildFile; fileRef = 962998732A33334B0034EF4D /* Assets.xcassets */; };
		962998772A33334C0034EF4D /* Preview Assets.xcassets in Resources */ = {isa = PBXBuildFile; fileRef = 962998762A33334C0034EF4D /* Preview Assets.xcassets */; };
		962998792A33334C0034EF4D /* Persistence.swift in Sources */ = {isa = PBXBuildFile; fileRef = 962998782A33334C0034EF4D /* Persistence.swift */; };
		9629987C2A33334C0034EF4D /* swiftUITodoCoreData.xcdatamodeld in Sources */ = {isa = PBXBuildFile; fileRef = 9629987A2A33334C0034EF4D /* swiftUITodoCoreData.xcdatamodeld */; };
		962998842A33346D0034EF4D /* Home.swift in Sources */ = {isa = PBXBuildFile; fileRef = 962998832A33346D0034EF4D /* Home.swift */; };
		962998862A33376E0034EF4D /* CustomFilterDataView.swift in Sources */ = {isa = PBXBuildFile; fileRef = 962998852A33376E0034EF4D /* CustomFilterDataView.swift */; };
/* End PBXBuildFile section */

/* Begin PBXFileReference section */
		9629986C2A33334B0034EF4D /* swiftUITodoCoreData.app */ = {isa = PBXFileReference; explicitFileType = wrapper.application; includeInIndex = 0; path = swiftUITodoCoreData.app; sourceTree = BUILT_PRODUCTS_DIR; };
		9629986F2A33334B0034EF4D /* swiftUITodoCoreDataApp.swift */ = {isa = PBXFileReference; lastKnownFileType = sourcecode.swift; path = swiftUITodoCoreDataApp.swift; sourceTree = "<group>"; };
		962998712A33334B0034EF4D /* ContentView.swift */ = {isa = PBXFileReference; lastKnownFileType = sourcecode.swift; path = ContentView.swift; sourceTree = "<group>"; };
		962998732A33334B0034EF4D /* Assets.xcassets */ = {isa = PBXFileReference; lastKnownFileType = folder.assetcatalog; path = Assets.xcassets; sourceTree = "<group>"; };
		962998762A33334C0034EF4D /* Preview Assets.xcassets */ = {isa = PBXFileReference; lastKnownFileType = folder.assetcatalog; path = "Preview Assets.xcassets"; sourceTree = "<group>"; };
		962998782A33334C0034EF4D /* Persistence.swift */ = {isa = PBXFileReference; lastKnownFileType = sourcecode.swift; path = Persistence.swift; sourceTree = "<group>"; };
		9629987B2A33334C0034EF4D /* swiftUITodoCoreData.xcdatamodel */ = {isa = PBXFileReference; lastKnownFileType = wrapper.xcdatamodel; path = swiftUITodoCoreData.xcdatamodel; sourceTree = "<group>"; };
		962998832A33346D0034EF4D /* Home.swift */ = {isa = PBXFileReference; lastKnownFileType = sourcecode.swift; path = Home.swift; sourceTree = "<group>"; };
		962998852A33376E0034EF4D /* CustomFilterDataView.swift */ = {isa = PBXFileReference; lastKnownFileType = sourcecode.swift; path = CustomFilterDataView.swift; sourceTree = "<group>"; };
/* End PBXFileReference section */

/* Begin PBXFrameworksBuildPhase section */
		962998692A33334A0034EF4D /* Frameworks */ = {
			isa = PBXFrameworksBuildPhase;
			buildActionMask = 2147483647;
			files = (
			);
			runOnlyForDeploymentPostprocessing = 0;
		};
/* End PBXFrameworksBuildPhase section */

/* Begin PBXGroup section */
		962998632A33334A0034EF4D = {
			isa = PBXGroup;
			children = (
				9629986E2A33334B0034EF4D /* swiftUITodoCoreData */,
				9629986D2A33334B0034EF4D /* Products */,
			);
			sourceTree = "<group>";
		};
		9629986D2A33334B0034EF4D /* Products */ = {
			isa = PBXGroup;
			children = (
				9629986C2A33334B0034EF4D /* swiftUITodoCoreData.app */,
			);
			name = Products;
			sourceTree = "<group>";
		};
		9629986E2A33334B0034EF4D /* swiftUITodoCoreData */ = {
			isa = PBXGroup;
			children = (
				962998822A3334610034EF4D /* View */,
				9629986F2A33334B0034EF4D /* swiftUITodoCoreDataApp.swift */,
				962998712A33334B0034EF4D /* ContentView.swift */,
				962998732A33334B0034EF4D /* Assets.xcassets */,
				962998782A33334C0034EF4D /* Persistence.swift */,
				9629987A2A33334C0034EF4D /* swiftUITodoCoreData.xcdatamodeld */,
				962998752A33334C0034EF4D /* Preview Content */,
			);
			path = swiftUITodoCoreData;
			sourceTree = "<group>";
		};
		962998752A33334C0034EF4D /* Preview Content */ = {
			isa = PBXGroup;
			children = (
				962998762A33334C0034EF4D /* Preview Assets.xcassets */,
			);
			path = "Preview Content";
			sourceTree = "<group>";
		};
		962998822A3334610034EF4D /* View */ = {
			isa = PBXGroup;
			children = (
				962998832A33346D0034EF4D /* Home.swift */,
				962998852A33376E0034EF4D /* CustomFilterDataView.swift */,
			);
			path = View;
			sourceTree = "<group>";
		};
/* End PBXGroup section */

/* Begin PBXNativeTarget section */
		9629986B2A33334A0034EF4D /* swiftUITodoCoreData */ = {
			isa = PBXNativeTarget;
			buildConfigurationList = 9629987F2A33334C0034EF4D /* Build configuration list for PBXNativeTarget "swiftUITodoCoreData" */;
			buildPhases = (
				962998682A33334A0034EF4D /* Sources */,
				962998692A33334A0034EF4D /* Frameworks */,
				9629986A2A33334A0034EF4D /* Resources */,
			);
			buildRules = (
			);
			dependencies = (
			);
			name = swiftUITodoCoreData;
			productName = swiftUITodoCoreData;
			productReference = 9629986C2A33334B0034EF4D /* swiftUITodoCoreData.app */;
			productType = "com.apple.product-type.application";
		};
/* End PBXNativeTarget section */

/* Begin PBXProject section */
		962998642A33334A0034EF4D /* Project object */ = {
			isa = PBXProject;
			attributes = {
				BuildIndependentTargetsInParallel = 1;
				LastSwiftUpdateCheck = 1420;
				LastUpgradeCheck = 1420;
				TargetAttributes = {
					9629986B2A33334A0034EF4D = {
						CreatedOnToolsVersion = 14.2;
					};
				};
			};
			buildConfigurationList = 962998672A33334A0034EF4D /* Build configuration list for PBXProject "swiftUITodoCoreData" */;
			compatibilityVersion = "Xcode 14.0";
			developmentRegion = en;
			hasScannedForEncodings = 0;
			knownRegions = (
				en,
				Base,
			);
			mainGroup = 962998632A33334A0034EF4D;
			productRefGroup = 9629986D2A33334B0034EF4D /* Products */;
			projectDirPath = "";
			projectRoot = "";
			targets = (
				9629986B2A33334A0034EF4D /* swiftUITodoCoreData */,
			);
		};
/* End PBXProject section */

/* Begin PBXResourcesBuildPhase section */
		9629986A2A33334A0034EF4D /* Resources */ = {
			isa = PBXResourcesBuildPhase;
			buildActionMask = 2147483647;
			files = (
				962998772A33334C0034EF4D /* Preview Assets.xcassets in Resources */,
				962998742A33334B0034EF4D /* Assets.xcassets in Resources */,
			);
			runOnlyForDeploymentPostprocessing = 0;
		};
/* End PBXResourcesBuildPhase section */

/* Begin PBXSourcesBuildPhase section */
		962998682A33334A0034EF4D /* Sources */ = {
			isa = PBXSourcesBuildPhase;
			buildActionMask = 2147483647;
			files = (
				9629987C2A33334C0034EF4D /* swiftUITodoCoreData.xcdatamodeld in Sources */,
				962998792A33334C0034EF4D /* Persistence.swift in Sources */,
				962998842A33346D0034EF4D /* Home.swift in Sources */,
				962998722A33334B0034EF4D /* ContentView.swift in Sources */,
				962998702A33334B0034EF4D /* swiftUITodoCoreDataApp.swift in Sources */,
				962998862A33376E0034EF4D /* CustomFilterDataView.swift in Sources */,
			);
			runOnlyForDeploymentPostprocessing = 0;
		};
/* End PBXSourcesBuildPhase section */

/* Begin XCBuildConfiguration section */
		9629987D2A33334C0034EF4D /* Debug */ = {
			isa = XCBuildConfiguration;
			buildSettings = {
				ALWAYS_SEARCH_USER_PATHS = NO;
				CLANG_ANALYZER_NONNULL = YES;
				CLANG_ANALYZER_NUMBER_OBJECT_CONVERSION = YES_AGGRESSIVE;
				CLANG_CXX_LANGUAGE_STANDARD = "gnu++20";
				CLANG_ENABLE_MODULES = YES;
				CLANG_ENABLE_OBJC_ARC = YES;
				CLANG_ENABLE_OBJC_WEAK = YES;
				CLANG_WARN_BLOCK_CAPTURE_AUTORELEASING = YES;
				CLANG_WARN_BOOL_CONVERSION = YES;
				CLANG_WARN_COMMA = YES;
				CLANG_WARN_CONSTANT_CONVERSION = YES;
				CLANG_WARN_DEPRECATED_OBJC_IMPLEMENTATIONS = YES;
				CLANG_WARN_DIRECT_OBJC_ISA_USAGE = YES_ERROR;
				CLANG_WARN_DOCUMENTATION_COMMENTS = YES;
				CLANG_WARN_EMPTY_BODY = YES;
				CLANG_WARN_ENUM_CONVERSION = YES;
				CLANG_WARN_INFINITE_RECURSION = YES;
				CLANG_WARN_INT_CONVERSION = YES;
				CLANG_WARN_NON_LITERAL_NULL_CONVERSION = YES;
				CLANG_WARN_OBJC_IMPLICIT_RETAIN_SELF = YES;
				CLANG_WARN_OBJC_LITERAL_CONVERSION = YES;
				CLANG_WARN_OBJC_ROOT_CLASS = YES_ERROR;
				CLANG_WARN_QUOTED_INCLUDE_IN_FRAMEWORK_HEADER = YES;
				CLANG_WARN_RANGE_LOOP_ANALYSIS = YES;
				CLANG_WARN_STRICT_PROTOTYPES = YES;
				CLANG_WARN_SUSPICIOUS_MOVE = YES;
				CLANG_WARN_UNGUARDED_AVAILABILITY = YES_AGGRESSIVE;
				CLANG_WARN_UNREACHABLE_CODE = YES;
				CLANG_WARN__DUPLICATE_METHOD_MATCH = YES;
				COPY_PHASE_STRIP = NO;
				DEBUG_INFORMATION_FORMAT = dwarf;
				ENABLE_STRICT_OBJC_MSGSEND = YES;
				ENABLE_TESTABILITY = YES;
				GCC_C_LANGUAGE_STANDARD = gnu11;
				GCC_DYNAMIC_NO_PIC = NO;
				GCC_NO_COMMON_BLOCKS = YES;
				GCC_OPTIMIZATION_LEVEL = 0;
				GCC_PREPROCESSOR_DEFINITIONS = (
					"DEBUG=1",
					"$(inherited)",
				);
				GCC_WARN_64_TO_32_BIT_CONVERSION = YES;
				GCC_WARN_ABOUT_RETURN_TYPE = YES_ERROR;
				GCC_WARN_UNDECLARED_SELECTOR = YES;
				GCC_WARN_UNINITIALIZED_AUTOS = YES_AGGRESSIVE;
				GCC_WARN_UNUSED_FUNCTION = YES;
				GCC_WARN_UNUSED_VARIABLE = YES;
				IPHONEOS_DEPLOYMENT_TARGET = 16.2;
				MTL_ENABLE_DEBUG_INFO = INCLUDE_SOURCE;
				MTL_FAST_MATH = YES;
				ONLY_ACTIVE_ARCH = YES;
				SDKROOT = iphoneos;
				SWIFT_ACTIVE_COMPILATION_CONDITIONS = DEBUG;
				SWIFT_OPTIMIZATION_LEVEL = "-Onone";
			};
			name = Debug;
		};
		9629987E2A33334C0034EF4D /* Release */ = {
			isa = XCBuildConfiguration;
			buildSettings = {
				ALWAYS_SEARCH_USER_PATHS = NO;
				CLANG_ANALYZER_NONNULL = YES;
				CLANG_ANALYZER_NUMBER_OBJECT_CONVERSION = YES_AGGRESSIVE;
				CLANG_CXX_LANGUAGE_STANDARD = "gnu++20";
				CLANG_ENABLE_MODULES = YES;
				CLANG_ENABLE_OBJC_ARC = YES;
				CLANG_ENABLE_OBJC_WEAK = YES;
				CLANG_WARN_BLOCK_CAPTURE_AUTORELEASING = YES;
				CLANG_WARN_BOOL_CONVERSION = YES;
				CLANG_WARN_COMMA = YES;
				CLANG_WARN_CONSTANT_CONVERSION = YES;
				CLANG_WARN_DEPRECATED_OBJC_IMPLEMENTATIONS = YES;
				CLANG_WARN_DIRECT_OBJC_ISA_USAGE = YES_ERROR;
				CLANG_WARN_DOCUMENTATION_COMMENTS = YES;
				CLANG_WARN_EMPTY_BODY = YES;
				CLANG_WARN_ENUM_CONVERSION = YES;
				CLANG_WARN_INFINITE_RECURSION = YES;
				CLANG_WARN_INT_CONVERSION = YES;
				CLANG_WARN_NON_LITERAL_NULL_CONVERSION = YES;
				CLANG_WARN_OBJC_IMPLICIT_RETAIN_SELF = YES;
				CLANG_WARN_OBJC_LITERAL_CONVERSION = YES;
				CLANG_WARN_OBJC_ROOT_CLASS = YES_ERROR;
				CLANG_WARN_QUOTED_INCLUDE_IN_FRAMEWORK_HEADER = YES;
				CLANG_WARN_RANGE_LOOP_ANALYSIS = YES;
				CLANG_WARN_STRICT_PROTOTYPES = YES;
				CLANG_WARN_SUSPICIOUS_MOVE = YES;
				CLANG_WARN_UNGUARDED_AVAILABILITY = YES_AGGRESSIVE;
				CLANG_WARN_UNREACHABLE_CODE = YES;
				CLANG_WARN__DUPLICATE_METHOD_MATCH = YES;
				COPY_PHASE_STRIP = NO;
				DEBUG_INFORMATION_FORMAT = "dwarf-with-dsym";
				ENABLE_NS_ASSERTIONS = NO;
				ENABLE_STRICT_OBJC_MSGSEND = YES;
				GCC_C_LANGUAGE_STANDARD = gnu11;
				GCC_NO_COMMON_BLOCKS = YES;
				GCC_WARN_64_TO_32_BIT_CONVERSION = YES;
				GCC_WARN_ABOUT_RETURN_TYPE = YES_ERROR;
				GCC_WARN_UNDECLARED_SELECTOR = YES;
				GCC_WARN_UNINITIALIZED_AUTOS = YES_AGGRESSIVE;
				GCC_WARN_UNUSED_FUNCTION = YES;
				GCC_WARN_UNUSED_VARIABLE = YES;
				IPHONEOS_DEPLOYMENT_TARGET = 16.2;
				MTL_ENABLE_DEBUG_INFO = NO;
				MTL_FAST_MATH = YES;
				SDKROOT = iphoneos;
				SWIFT_COMPILATION_MODE = wholemodule;
				SWIFT_OPTIMIZATION_LEVEL = "-O";
				VALIDATE_PRODUCT = YES;
			};
			name = Release;
		};
		962998802A33334C0034EF4D /* Debug */ = {
			isa = XCBuildConfiguration;
			buildSettings = {
				ASSETCATALOG_COMPILER_APPICON_NAME = AppIcon;
				ASSETCATALOG_COMPILER_GLOBAL_ACCENT_COLOR_NAME = AccentColor;
				CODE_SIGN_STYLE = Automatic;
				CURRENT_PROJECT_VERSION = 1;
				DEVELOPMENT_ASSET_PATHS = "\"swiftUITodoCoreData/Preview Content\"";
				DEVELOPMENT_TEAM = SHYV7C53P6;
				ENABLE_PREVIEWS = YES;
				GENERATE_INFOPLIST_FILE = YES;
				INFOPLIST_KEY_UIApplicationSceneManifest_Generation = YES;
				INFOPLIST_KEY_UIApplicationSupportsIndirectInputEvents = YES;
				INFOPLIST_KEY_UILaunchScreen_Generation = YES;
				INFOPLIST_KEY_UISupportedInterfaceOrientations_iPad = "UIInterfaceOrientationPortrait UIInterfaceOrientationPortraitUpsideDown UIInterfaceOrientationLandscapeLeft UIInterfaceOrientationLandscapeRight";
				INFOPLIST_KEY_UISupportedInterfaceOrientations_iPhone = "UIInterfaceOrientationPortrait UIInterfaceOrientationLandscapeLeft UIInterfaceOrientationLandscapeRight";
				LD_RUNPATH_SEARCH_PATHS = (
					"$(inherited)",
					"@executable_path/Frameworks",
				);
				MARKETING_VERSION = 1.0;
				PRODUCT_BUNDLE_IDENTIFIER = com.burakoztopuz.swiftUITodoCoreData;
				PRODUCT_NAME = "$(TARGET_NAME)";
				SWIFT_EMIT_LOC_STRINGS = YES;
				SWIFT_VERSION = 5.0;
				TARGETED_DEVICE_FAMILY = "1,2";
			};
			name = Debug;
		};
		962998812A33334C0034EF4D /* Release */ = {
			isa = XCBuildConfiguration;
			buildSettings = {
				ASSETCATALOG_COMPILER_APPICON_NAME = AppIcon;
				ASSETCATALOG_COMPILER_GLOBAL_ACCENT_COLOR_NAME = AccentColor;
				CODE_SIGN_STYLE = Automatic;
				CURRENT_PROJECT_VERSION = 1;
				DEVELOPMENT_ASSET_PATHS = "\"swiftUITodoCoreData/Preview Content\"";
				DEVELOPMENT_TEAM = SHYV7C53P6;
				ENABLE_PREVIEWS = YES;
				GENERATE_INFOPLIST_FILE = YES;
				INFOPLIST_KEY_UIApplicationSceneManifest_Generation = YES;
				INFOPLIST_KEY_UIApplicationSupportsIndirectInputEvents = YES;
				INFOPLIST_KEY_UILaunchScreen_Generation = YES;
				INFOPLIST_KEY_UISupportedInterfaceOrientations_iPad = "UIInterfaceOrientationPortrait UIInterfaceOrientationPortraitUpsideDown UIInterfaceOrientationLandscapeLeft UIInterfaceOrientationLandscapeRight";
				INFOPLIST_KEY_UISupportedInterfaceOrientations_iPhone = "UIInterfaceOrientationPortrait UIInterfaceOrientationLandscapeLeft UIInterfaceOrientationLandscapeRight";
				LD_RUNPATH_SEARCH_PATHS = (
					"$(inherited)",
					"@executable_path/Frameworks",
				);
				MARKETING_VERSION = 1.0;
				PRODUCT_BUNDLE_IDENTIFIER = com.burakoztopuz.swiftUITodoCoreData;
				PRODUCT_NAME = "$(TARGET_NAME)";
				SWIFT_EMIT_LOC_STRINGS = YES;
				SWIFT_VERSION = 5.0;
				TARGETED_DEVICE_FAMILY = "1,2";
			};
			name = Release;
		};
/* End XCBuildConfiguration section */

/* Begin XCConfigurationList section */
		962998672A33334A0034EF4D /* Build configuration list for PBXProject "swiftUITodoCoreData" */ = {
			isa = XCConfigurationList;
			buildConfigurations = (
				9629987D2A33334C0034EF4D /* Debug */,
				9629987E2A33334C0034EF4D /* Release */,
			);
			defaultConfigurationIsVisible = 0;
			defaultConfigurationName = Release;
		};
		9629987F2A33334C0034EF4D /* Build configuration list for PBXNativeTarget "swiftUITodoCoreData" */ = {
			isa = XCConfigurationList;
			buildConfigurations = (
				962998802A33334C0034EF4D /* Debug */,
				962998812A33334C0034EF4D /* Release */,
			);
			defaultConfigurationIsVisible = 0;
			defaultConfigurationName = Release;
		};
/* End XCConfigurationList section */

/* Begin XCVersionGroup section */
		9629987A2A33334C0034EF4D /* swiftUITodoCoreData.xcdatamodeld */ = {
			isa = XCVersionGroup;
			children = (
				9629987B2A33334C0034EF4D /* swiftUITodoCoreData.xcdatamodel */,
			);
			currentVersion = 9629987B2A33334C0034EF4D /* swiftUITodoCoreData.xcdatamodel */;
			path = swiftUITodoCoreData.xcdatamodeld;
			sourceTree = "<group>";
			versionGroupType = wrapper.xcdatamodel;
		};
/* End XCVersionGroup section */
	};
	rootObject = 962998642A33334A0034EF4D /* Project object */;
}
